
Microsoft Visual Studio Solution File, Format Version 12.00
# Visual Studio Version 17
VisualStudioVersion = 17.2.32505.173
MinimumVisualStudioVersion = 10.0.40219.1
Project("{FAE04EC0-301F-11D3-BF4B-00C04F79EFBC}") = "Q22", "Q22\Q22.csproj", "{AB09B39C-8E2E-45A3-87CD-140F451FDDC5}"
EndProject
Global
	GlobalSection(SolutionConfigurationPlatforms) = preSolution
		Debug|Any CPU = Debug|Any CPU
		Release|Any CPU = Release|Any CPU
	EndGlobalSection
	GlobalSection(ProjectConfigurationPlatforms) = postSolution
		{AB09B39C-8E2E-45A3-87CD-140F451FDDC5}.Debug|Any CPU.ActiveCfg = Debug|Any CPU
		{AB09B39C-8E2E-45A3-87CD-140F451FDDC5}.Debug|Any CPU.Build.0 = Debug|Any CPU
		{AB09B39C-8E2E-45A3-87CD-140F451FDDC5}.Release|Any CPU.ActiveCfg = Release|Any CPU
		{AB09B39C-8E2E-45A3-87CD-140F451FDDC5}.Release|Any CPU.Build.0 = Release|Any CPU
	EndGlobalSection
	GlobalSection(SolutionProperties) = preSolution
		HideSolutionNode = FALSE
	EndGlobalSection
	GlobalSection(ExtensibilityGlobals) = postSolution
		SolutionGuid = {A7619589-0962-474D-B0F6-5A538352DB25}
	EndGlobalSection
EndGlobal
