
Microsoft Visual Studio Solution File, Format Version 12.00
# Visual Studio Version 17
VisualStudioVersion = 17.2.32505.173
MinimumVisualStudioVersion = 10.0.40219.1
Project("{FAE04EC0-301F-11D3-BF4B-00C04F79EFBC}") = "MultiplicationTable", "MultiplicationTable\MultiplicationTable.csproj", "{B84D8F78-E9BA-4C7F-BE03-2E2C71DB0B54}"
EndProject
Global
	GlobalSection(SolutionConfigurationPlatforms) = preSolution
		Debug|Any CPU = Debug|Any CPU
		Release|Any CPU = Release|Any CPU
	EndGlobalSection
	GlobalSection(ProjectConfigurationPlatforms) = postSolution
		{B84D8F78-E9BA-4C7F-BE03-2E2C71DB0B54}.Debug|Any CPU.ActiveCfg = Debug|Any CPU
		{B84D8F78-E9BA-4C7F-BE03-2E2C71DB0B54}.Debug|Any CPU.Build.0 = Debug|Any CPU
		{B84D8F78-E9BA-4C7F-BE03-2E2C71DB0B54}.Release|Any CPU.ActiveCfg = Release|Any CPU
		{B84D8F78-E9BA-4C7F-BE03-2E2C71DB0B54}.Release|Any CPU.Build.0 = Release|Any CPU
	EndGlobalSection
	GlobalSection(SolutionProperties) = preSolution
		HideSolutionNode = FALSE
	EndGlobalSection
	GlobalSection(ExtensibilityGlobals) = postSolution
		SolutionGuid = {4DF20254-5B10-4569-B3D3-50DF123A0E9C}
	EndGlobalSection
EndGlobal
