
Microsoft Visual Studio Solution File, Format Version 12.00
# Visual Studio Version 17
VisualStudioVersion = 17.2.32505.173
MinimumVisualStudioVersion = 10.0.40219.1
Project("{FAE04EC0-301F-11D3-BF4B-00C04F79EFBC}") = "ListRemove", "ListRemove\ListRemove.csproj", "{CD8CF779-C9E6-4422-9C0E-A9E8B47953B0}"
EndProject
Global
	GlobalSection(SolutionConfigurationPlatforms) = preSolution
		Debug|Any CPU = Debug|Any CPU
		Release|Any CPU = Release|Any CPU
	EndGlobalSection
	GlobalSection(ProjectConfigurationPlatforms) = postSolution
		{CD8CF779-C9E6-4422-9C0E-A9E8B47953B0}.Debug|Any CPU.ActiveCfg = Debug|Any CPU
		{CD8CF779-C9E6-4422-9C0E-A9E8B47953B0}.Debug|Any CPU.Build.0 = Debug|Any CPU
		{CD8CF779-C9E6-4422-9C0E-A9E8B47953B0}.Release|Any CPU.ActiveCfg = Release|Any CPU
		{CD8CF779-C9E6-4422-9C0E-A9E8B47953B0}.Release|Any CPU.Build.0 = Release|Any CPU
	EndGlobalSection
	GlobalSection(SolutionProperties) = preSolution
		HideSolutionNode = FALSE
	EndGlobalSection
	GlobalSection(ExtensibilityGlobals) = postSolution
		SolutionGuid = {2103923C-6A3E-43DB-A787-523EA720475E}
	EndGlobalSection
EndGlobal
