
Microsoft Visual Studio Solution File, Format Version 12.00
# Visual Studio Version 17
VisualStudioVersion = 17.2.32505.173
MinimumVisualStudioVersion = 10.0.40219.1
Project("{FAE04EC0-301F-11D3-BF4B-00C04F79EFBC}") = "Q007", "Q007\Q007.csproj", "{34D6D82C-388E-40A7-AA00-89FD425D0122}"
EndProject
Global
	GlobalSection(SolutionConfigurationPlatforms) = preSolution
		Debug|Any CPU = Debug|Any CPU
		Release|Any CPU = Release|Any CPU
	EndGlobalSection
	GlobalSection(ProjectConfigurationPlatforms) = postSolution
		{34D6D82C-388E-40A7-AA00-89FD425D0122}.Debug|Any CPU.ActiveCfg = Debug|Any CPU
		{34D6D82C-388E-40A7-AA00-89FD425D0122}.Debug|Any CPU.Build.0 = Debug|Any CPU
		{34D6D82C-388E-40A7-AA00-89FD425D0122}.Release|Any CPU.ActiveCfg = Release|Any CPU
		{34D6D82C-388E-40A7-AA00-89FD425D0122}.Release|Any CPU.Build.0 = Release|Any CPU
	EndGlobalSection
	GlobalSection(SolutionProperties) = preSolution
		HideSolutionNode = FALSE
	EndGlobalSection
	GlobalSection(ExtensibilityGlobals) = postSolution
		SolutionGuid = {4BB11E8D-3633-433F-BC5F-7024404C6AE8}
	EndGlobalSection
EndGlobal
